
Microsoft Visual Studio Solution File, Format Version 12.00
Project("{2150E333-8FDC-42A3-9474-1A3956D46DE8}") = "src", "src", "{AA751B4D-D9EE-43F6-B27D-2B22EC88FC70}"
EndProject
Project("{2150E333-8FDC-42A3-9474-1A3956D46DE8}") = "core", "core", "{5CFB0868-53CF-415E-9EFC-FF4F926F2D96}"
EndProject
Project("{2150E333-8FDC-42A3-9474-1A3956D46DE8}") = "test", "test", "{4F40EFF2-E90E-415B-88A1-29B2540CF37E}"
EndProject
Project("{2150E333-8FDC-42A3-9474-1A3956D46DE8}") = "core", "core", "{7A2FE6DF-2085-482D-BE28-E74BC4BC2A7D}"
EndProject
Project("{FAE04EC0-301F-11D3-BF4B-00C04F79EFBC}") = "DomainCore.Tests", "test\core\DomainCore.Tests\DomainCore.Tests.csproj", "{E2D39E3A-D420-4FA6-993C-E21DF431AF93}"
EndProject
Project("{FAE04EC0-301F-11D3-BF4B-00C04F79EFBC}") = "DomainCore", "src\core\DomainCore\DomainCore.csproj", "{7CCF6302-114E-4BFF-B457-4ECE1A71139C}"
EndProject
Project("{FAE04EC0-301F-11D3-BF4B-00C04F79EFBC}") = "MartenPersistence.Tests", "test\core\MartenPersistence.Tests\MartenPersistence.Tests.csproj", "{3B95C6D9-0534-4767-BD45-BED18DA2CA5E}"
EndProject
Project("{FAE04EC0-301F-11D3-BF4B-00C04F79EFBC}") = "MartenPersistence", "src\core\MartenPersistence\MartenPersistence.csproj", "{00DCA0CF-8251-4D8D-8084-8ACF85E43B45}"
EndProject
Project("{2150E333-8FDC-42A3-9474-1A3956D46DE8}") = "features", "features", "{1CAE216C-E5A3-401A-8FCD-E68D07731597}"
EndProject
Project("{2150E333-8FDC-42A3-9474-1A3956D46DE8}") = "integration", "integration", "{7065F47B-B150-4A21-8CA9-40E23958FFAA}"
EndProject
Project("{FAE04EC0-301F-11D3-BF4B-00C04F79EFBC}") = "IntegrationTestUtilities", "test\integration\IntegrationTestUtilities\IntegrationTestUtilities.csproj", "{1C0A8606-3F28-423F-ABDC-07F8B212AA52}"
EndProject
Project("{FAE04EC0-301F-11D3-BF4B-00C04F79EFBC}") = "IntegrationTestContainer", "test\integration\IntegrationTestContainer\IntegrationTestContainer.csproj", "{2F89E8F7-1A9C-4C51-AC29-152BE59F46CA}"
EndProject
Project("{FAE04EC0-301F-11D3-BF4B-00C04F79EFBC}") = "CerverusFeaturesTest", "features\CerverusFeaturesTest\CerverusFeaturesTest.csproj", "{CB175C5F-6E9D-4F5D-BE01-F22BEB41C914}"
EndProject
Project("{2150E333-8FDC-42A3-9474-1A3956D46DE8}") = "features", "features", "{15CB4FA4-CA7A-4578-83F4-50493C8A627D}"
EndProject
Project("{2150E333-8FDC-42A3-9474-1A3956D46DE8}") = "features", "features", "{D57D5F5D-55AF-41A6-9107-68BBC3731EDF}"
EndProject
Project("{FAE04EC0-301F-11D3-BF4B-00C04F79EFBC}") = "CerverusFeatures", "src\features\CerverusFeatures\CerverusFeatures.csproj", "{247B8E71-2AB0-4501-B72D-69ACF212A5AA}"
EndProject
Project("{2150E333-8FDC-42A3-9474-1A3956D46DE8}") = "hosts", "hosts", "{FF8C48D3-A239-4659-A1B9-404C078C0B53}"
EndProject
Project("{2150E333-8FDC-42A3-9474-1A3956D46DE8}") = "Solution Items", "Solution Items", "{02E42F86-2CF6-4137-B303-739CE839969B}"
	ProjectSection(SolutionItems) = preProject
		docker-compose.yml = docker-compose.yml
		..\..\Documents\Book1.xlsx = ..\..\Documents\Book1.xlsx
	EndProjectSection
EndProject
Project("{FAE04EC0-301F-11D3-BF4B-00C04F79EFBC}") = "BackOfficePersistence", "src\core\BackOfficePersistence\BackOfficePersistence.csproj", "{D8FC1408-B744-429E-98CD-6A7B28A30C4F}"
EndProject
Project("{FAE04EC0-301F-11D3-BF4B-00C04F79EFBC}") = "BackOfficeApi", "src\hosts\BackOfficeApi\BackOfficeApi.csproj", "{30174785-B646-4AE1-AB1C-AB5115869D9D}"
EndProject
Global
	GlobalSection(SolutionConfigurationPlatforms) = preSolution
		Debug|Any CPU = Debug|Any CPU
		Release|Any CPU = Release|Any CPU
	EndGlobalSection
	GlobalSection(NestedProjects) = preSolution
		{5CFB0868-53CF-415E-9EFC-FF4F926F2D96} = {AA751B4D-D9EE-43F6-B27D-2B22EC88FC70}
		{7A2FE6DF-2085-482D-BE28-E74BC4BC2A7D} = {4F40EFF2-E90E-415B-88A1-29B2540CF37E}
		{E2D39E3A-D420-4FA6-993C-E21DF431AF93} = {7A2FE6DF-2085-482D-BE28-E74BC4BC2A7D}
		{7CCF6302-114E-4BFF-B457-4ECE1A71139C} = {5CFB0868-53CF-415E-9EFC-FF4F926F2D96}
		{3B95C6D9-0534-4767-BD45-BED18DA2CA5E} = {7A2FE6DF-2085-482D-BE28-E74BC4BC2A7D}
		{00DCA0CF-8251-4D8D-8084-8ACF85E43B45} = {5CFB0868-53CF-415E-9EFC-FF4F926F2D96}
		{7065F47B-B150-4A21-8CA9-40E23958FFAA} = {4F40EFF2-E90E-415B-88A1-29B2540CF37E}
		{1C0A8606-3F28-423F-ABDC-07F8B212AA52} = {7065F47B-B150-4A21-8CA9-40E23958FFAA}
		{2F89E8F7-1A9C-4C51-AC29-152BE59F46CA} = {7065F47B-B150-4A21-8CA9-40E23958FFAA}
		{CB175C5F-6E9D-4F5D-BE01-F22BEB41C914} = {1CAE216C-E5A3-401A-8FCD-E68D07731597}
		{15CB4FA4-CA7A-4578-83F4-50493C8A627D} = {4F40EFF2-E90E-415B-88A1-29B2540CF37E}
		{D57D5F5D-55AF-41A6-9107-68BBC3731EDF} = {AA751B4D-D9EE-43F6-B27D-2B22EC88FC70}
		{247B8E71-2AB0-4501-B72D-69ACF212A5AA} = {D57D5F5D-55AF-41A6-9107-68BBC3731EDF}
		{FF8C48D3-A239-4659-A1B9-404C078C0B53} = {AA751B4D-D9EE-43F6-B27D-2B22EC88FC70}
		{D8FC1408-B744-429E-98CD-6A7B28A30C4F} = {5CFB0868-53CF-415E-9EFC-FF4F926F2D96}
		{30174785-B646-4AE1-AB1C-AB5115869D9D} = {FF8C48D3-A239-4659-A1B9-404C078C0B53}
	EndGlobalSection
	GlobalSection(ProjectConfigurationPlatforms) = postSolution
		{E2D39E3A-D420-4FA6-993C-E21DF431AF93}.Debug|Any CPU.ActiveCfg = Debug|Any CPU
		{E2D39E3A-D420-4FA6-993C-E21DF431AF93}.Debug|Any CPU.Build.0 = Debug|Any CPU
		{E2D39E3A-D420-4FA6-993C-E21DF431AF93}.Release|Any CPU.ActiveCfg = Release|Any CPU
		{E2D39E3A-D420-4FA6-993C-E21DF431AF93}.Release|Any CPU.Build.0 = Release|Any CPU
		{7CCF6302-114E-4BFF-B457-4ECE1A71139C}.Debug|Any CPU.ActiveCfg = Debug|Any CPU
		{7CCF6302-114E-4BFF-B457-4ECE1A71139C}.Debug|Any CPU.Build.0 = Debug|Any CPU
		{7CCF6302-114E-4BFF-B457-4ECE1A71139C}.Release|Any CPU.ActiveCfg = Release|Any CPU
		{7CCF6302-114E-4BFF-B457-4ECE1A71139C}.Release|Any CPU.Build.0 = Release|Any CPU
		{3B95C6D9-0534-4767-BD45-BED18DA2CA5E}.Debug|Any CPU.ActiveCfg = Debug|Any CPU
		{3B95C6D9-0534-4767-BD45-BED18DA2CA5E}.Debug|Any CPU.Build.0 = Debug|Any CPU
		{3B95C6D9-0534-4767-BD45-BED18DA2CA5E}.Release|Any CPU.ActiveCfg = Release|Any CPU
		{3B95C6D9-0534-4767-BD45-BED18DA2CA5E}.Release|Any CPU.Build.0 = Release|Any CPU
		{00DCA0CF-8251-4D8D-8084-8ACF85E43B45}.Debug|Any CPU.ActiveCfg = Debug|Any CPU
		{00DCA0CF-8251-4D8D-8084-8ACF85E43B45}.Debug|Any CPU.Build.0 = Debug|Any CPU
		{00DCA0CF-8251-4D8D-8084-8ACF85E43B45}.Release|Any CPU.ActiveCfg = Release|Any CPU
		{00DCA0CF-8251-4D8D-8084-8ACF85E43B45}.Release|Any CPU.Build.0 = Release|Any CPU
		{1C0A8606-3F28-423F-ABDC-07F8B212AA52}.Debug|Any CPU.ActiveCfg = Debug|Any CPU
		{1C0A8606-3F28-423F-ABDC-07F8B212AA52}.Debug|Any CPU.Build.0 = Debug|Any CPU
		{1C0A8606-3F28-423F-ABDC-07F8B212AA52}.Release|Any CPU.ActiveCfg = Release|Any CPU
		{1C0A8606-3F28-423F-ABDC-07F8B212AA52}.Release|Any CPU.Build.0 = Release|Any CPU
		{2F89E8F7-1A9C-4C51-AC29-152BE59F46CA}.Debug|Any CPU.ActiveCfg = Debug|Any CPU
		{2F89E8F7-1A9C-4C51-AC29-152BE59F46CA}.Debug|Any CPU.Build.0 = Debug|Any CPU
		{2F89E8F7-1A9C-4C51-AC29-152BE59F46CA}.Release|Any CPU.ActiveCfg = Release|Any CPU
		{2F89E8F7-1A9C-4C51-AC29-152BE59F46CA}.Release|Any CPU.Build.0 = Release|Any CPU
		{CB175C5F-6E9D-4F5D-BE01-F22BEB41C914}.Debug|Any CPU.ActiveCfg = Debug|Any CPU
		{CB175C5F-6E9D-4F5D-BE01-F22BEB41C914}.Debug|Any CPU.Build.0 = Debug|Any CPU
		{CB175C5F-6E9D-4F5D-BE01-F22BEB41C914}.Release|Any CPU.ActiveCfg = Release|Any CPU
		{CB175C5F-6E9D-4F5D-BE01-F22BEB41C914}.Release|Any CPU.Build.0 = Release|Any CPU
		{247B8E71-2AB0-4501-B72D-69ACF212A5AA}.Debug|Any CPU.ActiveCfg = Debug|Any CPU
		{247B8E71-2AB0-4501-B72D-69ACF212A5AA}.Debug|Any CPU.Build.0 = Debug|Any CPU
		{247B8E71-2AB0-4501-B72D-69ACF212A5AA}.Release|Any CPU.ActiveCfg = Release|Any CPU
		{247B8E71-2AB0-4501-B72D-69ACF212A5AA}.Release|Any CPU.Build.0 = Release|Any CPU
		{D8FC1408-B744-429E-98CD-6A7B28A30C4F}.Debug|Any CPU.ActiveCfg = Debug|Any CPU
		{D8FC1408-B744-429E-98CD-6A7B28A30C4F}.Debug|Any CPU.Build.0 = Debug|Any CPU
		{D8FC1408-B744-429E-98CD-6A7B28A30C4F}.Release|Any CPU.ActiveCfg = Release|Any CPU
		{D8FC1408-B744-429E-98CD-6A7B28A30C4F}.Release|Any CPU.Build.0 = Release|Any CPU
		{30174785-B646-4AE1-AB1C-AB5115869D9D}.Debug|Any CPU.ActiveCfg = Debug|Any CPU
		{30174785-B646-4AE1-AB1C-AB5115869D9D}.Debug|Any CPU.Build.0 = Debug|Any CPU
		{30174785-B646-4AE1-AB1C-AB5115869D9D}.Release|Any CPU.ActiveCfg = Release|Any CPU
		{30174785-B646-4AE1-AB1C-AB5115869D9D}.Release|Any CPU.Build.0 = Release|Any CPU
	EndGlobalSection
EndGlobal
