
Microsoft Visual Studio Solution File, Format Version 12.00
Project("{2150E333-8FDC-42A3-9474-1A3956D46DE8}") = "src", "src", "{AA751B4D-D9EE-43F6-B27D-2B22EC88FC70}"
EndProject
Project("{2150E333-8FDC-42A3-9474-1A3956D46DE8}") = "shared", "shared", "{5CFB0868-53CF-415E-9EFC-FF4F926F2D96}"
EndProject
Project("{2150E333-8FDC-42A3-9474-1A3956D46DE8}") = "test", "test", "{4F40EFF2-E90E-415B-88A1-29B2540CF37E}"
EndProject
Global
	GlobalSection(SolutionConfigurationPlatforms) = preSolution
		Debug|Any CPU = Debug|Any CPU
		Release|Any CPU = Release|Any CPU
	EndGlobalSection
	GlobalSection(NestedProjects) = preSolution
		{5CFB0868-53CF-415E-9EFC-FF4F926F2D96} = {AA751B4D-D9EE-43F6-B27D-2B22EC88FC70}
	EndGlobalSection
EndGlobal
